
Microsoft Visual Studio Solution File, Format Version 12.00
# Visual Studio Version 16
VisualStudioVersion = 16.0.31129.286
MinimumVisualStudioVersion = 10.0.40219.1
Project("{2150E333-8FDC-42A3-9474-1A3956D46DE8}") = "src", "src", "{4A610480-A2DD-4A1E-837C-637C675126C2}"
EndProject
Project("{2150E333-8FDC-42A3-9474-1A3956D46DE8}") = "BuildingBlocks", "BuildingBlocks", "{BBF58E05-5FBA-4657-A11B-9E1667BC1998}"
EndProject
Project("{2150E333-8FDC-42A3-9474-1A3956D46DE8}") = "EventBus", "EventBus", "{F3272D5F-BA0E-4BB7-BFE7-4D4BDABE0421}"
EndProject
Project("{9A19103F-16F7-4668-BE54-9A1E7A4F7556}") = "IntegrationEventLog", "BuildingBlocks\EventBus\IntegrationEventLog\IntegrationEventLog.csproj", "{FB575B85-12AD-442D-A13F-DBB770D23879}"
EndProject
Project("{9A19103F-16F7-4668-BE54-9A1E7A4F7556}") = "EventBus", "BuildingBlocks\EventBus\EventBus\EventBus.csproj", "{5D750AA3-B752-4DD3-81CF-389A615330D9}"
EndProject
Project("{9A19103F-16F7-4668-BE54-9A1E7A4F7556}") = "EventBusRabbitMQ", "BuildingBlocks\EventBus\EventBusRabbitMQ\EventBusRabbitMQ.csproj", "{B7E4CEDC-0172-4BCB-A347-12CD992EDE99}"
EndProject
Project("{2150E333-8FDC-42A3-9474-1A3956D46DE8}") = "Services", "Services", "{A9A304CA-58DE-4E93-9E10-EE70C23A3A5A}"
EndProject
Project("{2150E333-8FDC-42A3-9474-1A3956D46DE8}") = "Commission", "Commission", "{1501534B-093A-4E42-9A20-D84BF2238421}"
EndProject
Project("{9A19103F-16F7-4668-BE54-9A1E7A4F7556}") = "Commission.API", "Services\Commission\Commission.API\Commission.API.csproj", "{EF14A282-200F-44F9-BDDD-9796C5F75F60}"
EndProject
Project("{9A19103F-16F7-4668-BE54-9A1E7A4F7556}") = "Commission.Domain", "Services\Commission\Commission.Domain\Commission.Domain.csproj", "{7908BA16-D199-4925-B2EA-5045449D7683}"
EndProject
Project("{9A19103F-16F7-4668-BE54-9A1E7A4F7556}") = "Commission.Infrastructure", "Services\Commission\Commission.Infrastructure\Commission.Infrastructure.csproj", "{1EE45C4B-88CF-47AE-9CBD-FB26609BFB34}"
EndProject
Project("{2150E333-8FDC-42A3-9474-1A3956D46DE8}") = "Host", "Host", "{F9DCC5E4-FB11-40EB-A736-E3CF89DFFDE8}"
EndProject
Project("{9A19103F-16F7-4668-BE54-9A1E7A4F7556}") = "WebHost.Extensions", "BuildingBlocks\Host\WebHost.Extensions\WebHost.Extensions.csproj", "{765E8364-73D6-4415-BECC-83FC601AB8ED}"
EndProject
Project("{9A19103F-16F7-4668-BE54-9A1E7A4F7556}") = "Commission.UnitTests", "Services\Commission\Commission.UnitTests\Commission.UnitTests.csproj", "{5F82C1B6-6549-4635-A27D-822C6ECDC52C}"
EndProject
Project("{2150E333-8FDC-42A3-9474-1A3956D46DE8}") = "tests", "tests", "{73204FBC-47CD-49C2-B3CD-A5ED39FC0248}"
EndProject
Project("{9A19103F-16F7-4668-BE54-9A1E7A4F7556}") = "Commission.FunctionalTests", "Services\Commission\Commission.FunctionalTests\Commission.FunctionalTests.csproj", "{A29D67F5-62A6-426F-835E-44619589220F}"
EndProject
Project("{E53339B2-1760-4266-BCC7-CA923CBCF16C}") = "docker-compose", "docker-compose.dcproj", "{D2CCF277-0617-410C-B7C7-8EDBFC13DF3E}"
EndProject
Project("{2150E333-8FDC-42A3-9474-1A3956D46DE8}") = "Client", "Client", "{F949D3DA-3277-4681-9108-75A5E6BFF0D6}"
EndProject
Project("{9A19103F-16F7-4668-BE54-9A1E7A4F7556}") = "WebStatus", "Client\WebStatus\WebStatus.csproj", "{884F6390-0630-4042-A098-E8CF8138BB80}"
EndProject
Project("{2150E333-8FDC-42A3-9474-1A3956D46DE8}") = "Caching", "Caching", "{03BDDBF6-2743-4E30-9632-032EF8C36580}"
EndProject
Project("{9A19103F-16F7-4668-BE54-9A1E7A4F7556}") = "RedisCache", "BuildingBlocks\Caching\RedisCache\RedisCache.csproj", "{A97AAB0D-6A20-427C-A04F-B10EE7E0D8F4}"
EndProject
Project("{2150E333-8FDC-42A3-9474-1A3956D46DE8}") = "Datamart", "Datamart", "{08B0D77B-27C8-4E6B-97ED-9E8BE75CBED1}"
EndProject
Project("{9A19103F-16F7-4668-BE54-9A1E7A4F7556}") = "Datamart.API", "Services\Datamart\Datamart.API\Datamart.API.csproj", "{D3123A66-7348-4A69-87E2-8FBBC0168583}"
EndProject
Project("{2150E333-8FDC-42A3-9474-1A3956D46DE8}") = "tests", "tests", "{ABCEF64E-36F1-4A53-839C-C37D7D853A76}"
EndProject
Project("{FAE04EC0-301F-11D3-BF4B-00C04F79EFBC}") = "Datamart.FunctionalTests", "Services\Datamart\Datamart.FunctionalTests\Datamart.FunctionalTests.csproj", "{E293477A-31C0-43E1-BF92-EF1E238EEF0D}"
EndProject
Global
	GlobalSection(SolutionConfigurationPlatforms) = preSolution
		Debug|Any CPU = Debug|Any CPU
		Release|Any CPU = Release|Any CPU
	EndGlobalSection
	GlobalSection(ProjectConfigurationPlatforms) = postSolution
		{FB575B85-12AD-442D-A13F-DBB770D23879}.Debug|Any CPU.ActiveCfg = Debug|Any CPU
		{FB575B85-12AD-442D-A13F-DBB770D23879}.Debug|Any CPU.Build.0 = Debug|Any CPU
		{FB575B85-12AD-442D-A13F-DBB770D23879}.Release|Any CPU.ActiveCfg = Release|Any CPU
		{FB575B85-12AD-442D-A13F-DBB770D23879}.Release|Any CPU.Build.0 = Release|Any CPU
		{5D750AA3-B752-4DD3-81CF-389A615330D9}.Debug|Any CPU.ActiveCfg = Debug|Any CPU
		{5D750AA3-B752-4DD3-81CF-389A615330D9}.Debug|Any CPU.Build.0 = Debug|Any CPU
		{5D750AA3-B752-4DD3-81CF-389A615330D9}.Release|Any CPU.ActiveCfg = Release|Any CPU
		{5D750AA3-B752-4DD3-81CF-389A615330D9}.Release|Any CPU.Build.0 = Release|Any CPU
		{B7E4CEDC-0172-4BCB-A347-12CD992EDE99}.Debug|Any CPU.ActiveCfg = Debug|Any CPU
		{B7E4CEDC-0172-4BCB-A347-12CD992EDE99}.Debug|Any CPU.Build.0 = Debug|Any CPU
		{B7E4CEDC-0172-4BCB-A347-12CD992EDE99}.Release|Any CPU.ActiveCfg = Release|Any CPU
		{B7E4CEDC-0172-4BCB-A347-12CD992EDE99}.Release|Any CPU.Build.0 = Release|Any CPU
		{EF14A282-200F-44F9-BDDD-9796C5F75F60}.Debug|Any CPU.ActiveCfg = Debug|Any CPU
		{EF14A282-200F-44F9-BDDD-9796C5F75F60}.Debug|Any CPU.Build.0 = Debug|Any CPU
		{EF14A282-200F-44F9-BDDD-9796C5F75F60}.Release|Any CPU.ActiveCfg = Release|Any CPU
		{EF14A282-200F-44F9-BDDD-9796C5F75F60}.Release|Any CPU.Build.0 = Release|Any CPU
		{7908BA16-D199-4925-B2EA-5045449D7683}.Debug|Any CPU.ActiveCfg = Debug|Any CPU
		{7908BA16-D199-4925-B2EA-5045449D7683}.Debug|Any CPU.Build.0 = Debug|Any CPU
		{7908BA16-D199-4925-B2EA-5045449D7683}.Release|Any CPU.ActiveCfg = Release|Any CPU
		{7908BA16-D199-4925-B2EA-5045449D7683}.Release|Any CPU.Build.0 = Release|Any CPU
		{1EE45C4B-88CF-47AE-9CBD-FB26609BFB34}.Debug|Any CPU.ActiveCfg = Debug|Any CPU
		{1EE45C4B-88CF-47AE-9CBD-FB26609BFB34}.Debug|Any CPU.Build.0 = Debug|Any CPU
		{1EE45C4B-88CF-47AE-9CBD-FB26609BFB34}.Release|Any CPU.ActiveCfg = Release|Any CPU
		{1EE45C4B-88CF-47AE-9CBD-FB26609BFB34}.Release|Any CPU.Build.0 = Release|Any CPU
		{765E8364-73D6-4415-BECC-83FC601AB8ED}.Debug|Any CPU.ActiveCfg = Debug|Any CPU
		{765E8364-73D6-4415-BECC-83FC601AB8ED}.Debug|Any CPU.Build.0 = Debug|Any CPU
		{765E8364-73D6-4415-BECC-83FC601AB8ED}.Release|Any CPU.ActiveCfg = Release|Any CPU
		{765E8364-73D6-4415-BECC-83FC601AB8ED}.Release|Any CPU.Build.0 = Release|Any CPU
		{5F82C1B6-6549-4635-A27D-822C6ECDC52C}.Debug|Any CPU.ActiveCfg = Debug|Any CPU
		{5F82C1B6-6549-4635-A27D-822C6ECDC52C}.Debug|Any CPU.Build.0 = Debug|Any CPU
		{5F82C1B6-6549-4635-A27D-822C6ECDC52C}.Release|Any CPU.ActiveCfg = Release|Any CPU
		{5F82C1B6-6549-4635-A27D-822C6ECDC52C}.Release|Any CPU.Build.0 = Release|Any CPU
		{A29D67F5-62A6-426F-835E-44619589220F}.Debug|Any CPU.ActiveCfg = Debug|Any CPU
		{A29D67F5-62A6-426F-835E-44619589220F}.Debug|Any CPU.Build.0 = Debug|Any CPU
		{A29D67F5-62A6-426F-835E-44619589220F}.Release|Any CPU.ActiveCfg = Release|Any CPU
		{A29D67F5-62A6-426F-835E-44619589220F}.Release|Any CPU.Build.0 = Release|Any CPU
		{D2CCF277-0617-410C-B7C7-8EDBFC13DF3E}.Debug|Any CPU.ActiveCfg = Debug|Any CPU
		{D2CCF277-0617-410C-B7C7-8EDBFC13DF3E}.Release|Any CPU.ActiveCfg = Release|Any CPU
		{D2CCF277-0617-410C-B7C7-8EDBFC13DF3E}.Release|Any CPU.Build.0 = Release|Any CPU
		{884F6390-0630-4042-A098-E8CF8138BB80}.Debug|Any CPU.ActiveCfg = Debug|Any CPU
		{884F6390-0630-4042-A098-E8CF8138BB80}.Debug|Any CPU.Build.0 = Debug|Any CPU
		{884F6390-0630-4042-A098-E8CF8138BB80}.Release|Any CPU.ActiveCfg = Release|Any CPU
		{884F6390-0630-4042-A098-E8CF8138BB80}.Release|Any CPU.Build.0 = Release|Any CPU
		{A97AAB0D-6A20-427C-A04F-B10EE7E0D8F4}.Debug|Any CPU.ActiveCfg = Debug|Any CPU
		{A97AAB0D-6A20-427C-A04F-B10EE7E0D8F4}.Debug|Any CPU.Build.0 = Debug|Any CPU
		{A97AAB0D-6A20-427C-A04F-B10EE7E0D8F4}.Release|Any CPU.ActiveCfg = Release|Any CPU
		{A97AAB0D-6A20-427C-A04F-B10EE7E0D8F4}.Release|Any CPU.Build.0 = Release|Any CPU
		{D3123A66-7348-4A69-87E2-8FBBC0168583}.Debug|Any CPU.ActiveCfg = Debug|Any CPU
		{D3123A66-7348-4A69-87E2-8FBBC0168583}.Debug|Any CPU.Build.0 = Debug|Any CPU
		{D3123A66-7348-4A69-87E2-8FBBC0168583}.Release|Any CPU.ActiveCfg = Release|Any CPU
		{D3123A66-7348-4A69-87E2-8FBBC0168583}.Release|Any CPU.Build.0 = Release|Any CPU
		{E293477A-31C0-43E1-BF92-EF1E238EEF0D}.Debug|Any CPU.ActiveCfg = Debug|Any CPU
		{E293477A-31C0-43E1-BF92-EF1E238EEF0D}.Debug|Any CPU.Build.0 = Debug|Any CPU
		{E293477A-31C0-43E1-BF92-EF1E238EEF0D}.Release|Any CPU.ActiveCfg = Release|Any CPU
		{E293477A-31C0-43E1-BF92-EF1E238EEF0D}.Release|Any CPU.Build.0 = Release|Any CPU
	EndGlobalSection
	GlobalSection(SolutionProperties) = preSolution
		HideSolutionNode = FALSE
	EndGlobalSection
	GlobalSection(NestedProjects) = preSolution
		{BBF58E05-5FBA-4657-A11B-9E1667BC1998} = {4A610480-A2DD-4A1E-837C-637C675126C2}
		{F3272D5F-BA0E-4BB7-BFE7-4D4BDABE0421} = {BBF58E05-5FBA-4657-A11B-9E1667BC1998}
		{FB575B85-12AD-442D-A13F-DBB770D23879} = {F3272D5F-BA0E-4BB7-BFE7-4D4BDABE0421}
		{5D750AA3-B752-4DD3-81CF-389A615330D9} = {F3272D5F-BA0E-4BB7-BFE7-4D4BDABE0421}
		{B7E4CEDC-0172-4BCB-A347-12CD992EDE99} = {F3272D5F-BA0E-4BB7-BFE7-4D4BDABE0421}
		{A9A304CA-58DE-4E93-9E10-EE70C23A3A5A} = {4A610480-A2DD-4A1E-837C-637C675126C2}
		{1501534B-093A-4E42-9A20-D84BF2238421} = {A9A304CA-58DE-4E93-9E10-EE70C23A3A5A}
		{EF14A282-200F-44F9-BDDD-9796C5F75F60} = {1501534B-093A-4E42-9A20-D84BF2238421}
		{7908BA16-D199-4925-B2EA-5045449D7683} = {1501534B-093A-4E42-9A20-D84BF2238421}
		{1EE45C4B-88CF-47AE-9CBD-FB26609BFB34} = {1501534B-093A-4E42-9A20-D84BF2238421}
		{F9DCC5E4-FB11-40EB-A736-E3CF89DFFDE8} = {BBF58E05-5FBA-4657-A11B-9E1667BC1998}
		{765E8364-73D6-4415-BECC-83FC601AB8ED} = {F9DCC5E4-FB11-40EB-A736-E3CF89DFFDE8}
		{5F82C1B6-6549-4635-A27D-822C6ECDC52C} = {73204FBC-47CD-49C2-B3CD-A5ED39FC0248}
		{73204FBC-47CD-49C2-B3CD-A5ED39FC0248} = {1501534B-093A-4E42-9A20-D84BF2238421}
		{A29D67F5-62A6-426F-835E-44619589220F} = {73204FBC-47CD-49C2-B3CD-A5ED39FC0248}
		{F949D3DA-3277-4681-9108-75A5E6BFF0D6} = {4A610480-A2DD-4A1E-837C-637C675126C2}
		{884F6390-0630-4042-A098-E8CF8138BB80} = {F949D3DA-3277-4681-9108-75A5E6BFF0D6}
		{03BDDBF6-2743-4E30-9632-032EF8C36580} = {BBF58E05-5FBA-4657-A11B-9E1667BC1998}
		{A97AAB0D-6A20-427C-A04F-B10EE7E0D8F4} = {03BDDBF6-2743-4E30-9632-032EF8C36580}
		{08B0D77B-27C8-4E6B-97ED-9E8BE75CBED1} = {A9A304CA-58DE-4E93-9E10-EE70C23A3A5A}
		{D3123A66-7348-4A69-87E2-8FBBC0168583} = {08B0D77B-27C8-4E6B-97ED-9E8BE75CBED1}
		{ABCEF64E-36F1-4A53-839C-C37D7D853A76} = {08B0D77B-27C8-4E6B-97ED-9E8BE75CBED1}
		{E293477A-31C0-43E1-BF92-EF1E238EEF0D} = {ABCEF64E-36F1-4A53-839C-C37D7D853A76}
	EndGlobalSection
	GlobalSection(ExtensibilityGlobals) = postSolution
		SolutionGuid = {5451E746-87BA-49EC-BCF6-984DDF22ADDF}
	EndGlobalSection
EndGlobal
